<?xml version="1.0" encoding="utf-8"?>
<Project ToolsVersion="4.0" xmlns="http://schemas.microsoft.com/developer/msbuild/2003">
  <ItemGroup>
    <Filter Include="소스 파일">
      <UniqueIdentifier>{4FC737F1-C7A5-4376-A066-2A32D752A2FF}</UniqueIdentifier>
      <Extensions>cpp;c;cc;cxx;c++;cppm;ixx;def;odl;idl;hpj;bat;asm;asmx</Extensions>
    </Filter>
    <Filter Include="리소스 파일">
      <UniqueIdentifier>{67DA6AB6-F800-4c08-8B7A-83BB121AAD01}</UniqueIdentifier>
      <Extensions>rc;ico;cur;bmp;dlg;rc2;rct;bin;rgs;gif;jpg;jpeg;jpe;resx;tiff;tif;png;wav;mfcribbon-ms</Extensions>
    </Filter>
    <Filter Include="소스 파일\DX11Render">
      <UniqueIdentifier>{95cfee9f-6f4f-4b8a-ba13-d926ffca411a}</UniqueIdentifier>
    </Filter>
    <Filter Include="소스 파일\Object">
      <UniqueIdentifier>{1ed34d0a-3803-4be8-b1d0-b437b19cd5ab}</UniqueIdentifier>
    </Filter>
    <Filter Include="소스 파일\Object\Axis">
      <UniqueIdentifier>{339587e6-9b5f-4a6d-99c9-afd86f227381}</UniqueIdentifier>
    </Filter>
    <Filter Include="소스 파일\Object\Grid">
      <UniqueIdentifier>{dc97d9b2-05c1-42f5-8ea3-5706f58ae3bf}</UniqueIdentifier>
    </Filter>
    <Filter Include="소스 파일\Object\Camera">
      <UniqueIdentifier>{3ad1b6bc-7f72-43ea-9675-a8d81cc82980}</UniqueIdentifier>
    </Filter>
    <Filter Include="소스 파일\DllInterface">
      <UniqueIdentifier>{9e396500-431d-4c2d-a6a3-cff4ca0b000f}</UniqueIdentifier>
    </Filter>
    <Filter Include="소스 파일\Object\Cube">
      <UniqueIdentifier>{c116090e-80f4-4565-85b2-c07d9a2cabf1}</UniqueIdentifier>
    </Filter>
    <Filter Include="소스 파일\Texture">
      <UniqueIdentifier>{5c625633-9e8b-4fe1-9a33-dd24a13e5b6e}</UniqueIdentifier>
    </Filter>
    <Filter Include="소스 파일\Text">
      <UniqueIdentifier>{d56f7e99-8a28-463b-9457-a4a8d0e9ecd3}</UniqueIdentifier>
    </Filter>
    <Filter Include="소스 파일\Util">
      <UniqueIdentifier>{2a57e46a-125f-46c7-95c0-b2690e3b04b0}</UniqueIdentifier>
    </Filter>
    <Filter Include="소스 파일\Mouse">
      <UniqueIdentifier>{8572d712-aacc-418a-9acd-c97075c6892a}</UniqueIdentifier>
    </Filter>
    <Filter Include="Shader">
      <UniqueIdentifier>{f4957f6d-467b-4230-93ae-f17e779a4bd1}</UniqueIdentifier>
    </Filter>
    <Filter Include="Shader\HLSL">
      <UniqueIdentifier>{b986a20a-4619-446a-b4f9-6ad88253cec8}</UniqueIdentifier>
    </Filter>
    <Filter Include="Shader\Shader">
      <UniqueIdentifier>{6a2ea7ba-4f4d-45b6-a7d7-19dd407e7b4a}</UniqueIdentifier>
    </Filter>
    <Filter Include="Shader\Vertex">
      <UniqueIdentifier>{4fe32dbf-fd52-41d6-8043-bf1ff75ff4ba}</UniqueIdentifier>
    </Filter>
  </ItemGroup>
  <ItemGroup>
    <ClInclude Include="DX11Render.h">
      <Filter>소스 파일\DX11Render</Filter>
    </ClInclude>
    <ClInclude Include="IDX11Render.h">
      <Filter>소스 파일\DllInterface</Filter>
    </ClInclude>
    <ClInclude Include="RenderableBase.h">
      <Filter>소스 파일\Object</Filter>
    </ClInclude>
    <ClInclude Include="Axis.h">
      <Filter>소스 파일\Object\Axis</Filter>
    </ClInclude>
    <ClInclude Include="Cube.h">
      <Filter>소스 파일\Object\Cube</Filter>
    </ClInclude>
    <ClInclude Include="Grid.h">
      <Filter>소스 파일\Object\Grid</Filter>
    </ClInclude>
    <ClInclude Include="Camera.h">
      <Filter>소스 파일\Object\Camera</Filter>
    </ClInclude>
    <ClInclude Include="TextureLoader.h">
      <Filter>소스 파일\Texture</Filter>
    </ClInclude>
    <ClInclude Include="ICamera.h">
      <Filter>소스 파일\Object\Camera</Filter>
    </ClInclude>
    <ClInclude Include="Font.h">
      <Filter>소스 파일\Text</Filter>
    </ClInclude>
    <ClInclude Include="Utility.h">
      <Filter>소스 파일\Util</Filter>
    </ClInclude>
    <ClInclude Include="MouseEvent.h">
      <Filter>소스 파일\Mouse</Filter>
    </ClInclude>
    <ClInclude Include="MouseClass.h">
      <Filter>소스 파일\Mouse</Filter>
    </ClInclude>
    <ClInclude Include="Vertex.h">
      <Filter>Shader\Vertex</Filter>
    </ClInclude>
  </ItemGroup>
  <ItemGroup>
    <ClCompile Include="DX11Render.cpp">
      <Filter>소스 파일\DX11Render</Filter>
    </ClCompile>
    <ClCompile Include="Axis.cpp">
      <Filter>소스 파일\Object\Axis</Filter>
    </ClCompile>
    <ClCompile Include="Cube.cpp">
      <Filter>소스 파일\Object\Cube</Filter>
    </ClCompile>
    <ClCompile Include="Grid.cpp">
      <Filter>소스 파일\Object\Grid</Filter>
    </ClCompile>
    <ClCompile Include="Camera.cpp">
      <Filter>소스 파일\Object\Camera</Filter>
    </ClCompile>
    <ClCompile Include="TextureLoader.cpp">
      <Filter>소스 파일\Texture</Filter>
    </ClCompile>
    <ClCompile Include="Font.cpp">
      <Filter>소스 파일\Text</Filter>
    </ClCompile>
    <ClCompile Include="Utility.cpp">
      <Filter>소스 파일\Util</Filter>
    </ClCompile>
    <ClCompile Include="MouseEvent.cpp">
      <Filter>소스 파일\Mouse</Filter>
    </ClCompile>
    <ClCompile Include="MouseClass.cpp">
      <Filter>소스 파일\Mouse</Filter>
    </ClCompile>
  </ItemGroup>
  <ItemGroup>
    <FxCompile Include="VertexShader.hlsl">
      <Filter>Shader\HLSL</Filter>
    </FxCompile>
    <FxCompile Include="PixelShader.hlsl">
      <Filter>Shader\HLSL</Filter>
    </FxCompile>
  </ItemGroup>
  <ItemGroup>
    <None Include="Texture.hlsl">
      <Filter>Shader\Shader</Filter>
    </None>
  </ItemGroup>
</Project>